
Microsoft Visual Studio Solution File, Format Version 12.00
# Visual Studio Version 17
VisualStudioVersion = 17.9.34728.123
MinimumVisualStudioVersion = 10.0.40219.1
Project("{2150E333-8FDC-42A3-9474-1A3956D46DE8}") = "Authentication.Admin", "Authentication.Admin", "{30F62069-9B78-4CB6-8891-920357CE6E9F}"
EndProject
Project("{2150E333-8FDC-42A3-9474-1A3956D46DE8}") = "Library", "Library", "{3E3F40DB-608D-43F9-B98E-DEC371CF15FD}"
EndProject
Project("{2150E333-8FDC-42A3-9474-1A3956D46DE8}") = "Solution Items", "Solution Items", "{10AC7AD3-7B52-4B19-966B-14362E8B2273}"
	ProjectSection(SolutionItems) = preProject
		.gitignore = .gitignore
		README.md = README.md
	EndProjectSection
EndProject
Project("{9A19103F-16F7-4668-BE54-9A1E7A4F7556}") = "FeatureLibrary", "FeatureLibrary\FeatureLibrary.csproj", "{EACA2358-0BBE-4029-B6D1-09C5C1E3AFE5}"
EndProject
Project("{9A19103F-16F7-4668-BE54-9A1E7A4F7556}") = "ApiGateway.Admin", "ApiGateway.Admin\ApiGateway.Admin.csproj", "{7943DA1F-74A0-466A-84B4-64DC516DF91A}"
EndProject
Project("{2150E333-8FDC-42A3-9474-1A3956D46DE8}") = "Authentication.User", "Authentication.User", "{C64B3923-259F-464C-9B0A-B28586C24ECA}"
EndProject
Project("{9A19103F-16F7-4668-BE54-9A1E7A4F7556}") = "ApiGateway.User", "ApiGateway.User\ApiGateway.User.csproj", "{D22A32AA-06C3-442B-8520-D6E13A823ED7}"
EndProject
Project("{9A19103F-16F7-4668-BE54-9A1E7A4F7556}") = "Authentication.Admin.Api", "Authentication.Admin\Authentication.Admin.Api\Authentication.Admin.Api.csproj", "{B90F716F-315C-4FDE-976F-5A6FC41284D6}"
EndProject
Project("{9A19103F-16F7-4668-BE54-9A1E7A4F7556}") = "Authentication.Admin.DataAccess", "Authentication.Admin\Authentication.Admin.DataAccess\Authentication.Admin.DataAccess.csproj", "{25CC684F-BAA8-49F1-88D6-3DF3D09FCCCD}"
EndProject
Project("{9A19103F-16F7-4668-BE54-9A1E7A4F7556}") = "Authentication.Admin.DataAccess.Service", "Authentication.Admin\Authentication.Admin.DataAccess.Service\Authentication.Admin.DataAccess.Service.csproj", "{7B675E5A-AB67-4046-9E5E-704B97B84B3F}"
EndProject
Project("{9A19103F-16F7-4668-BE54-9A1E7A4F7556}") = "Authentication.Admin.Service", "Authentication.Admin\Authentication.Admin.Service\Authentication.Admin.Service.csproj", "{A9E5A2D6-10F1-4CB1-ACFB-78D6E548EAE7}"
EndProject
Project("{9A19103F-16F7-4668-BE54-9A1E7A4F7556}") = "Authentication.Admin.Service.Test", "Authentication.Admin\Authentication.Admin.Service.Test\Authentication.Admin.Service.Test.csproj", "{62438374-9A9A-4CDD-A762-B86944068102}"
EndProject
Project("{9A19103F-16F7-4668-BE54-9A1E7A4F7556}") = "Authentication.Admin.Test", "Authentication.Admin\Authentication.Admin.Test\Authentication.Admin.Test.csproj", "{A229C3D1-5FB4-48C7-BD17-084E8B04BA27}"
EndProject
Project("{9A19103F-16F7-4668-BE54-9A1E7A4F7556}") = "Authentication.Api", "Authentication.User\Authentication.Api\Authentication.Api.csproj", "{D6D063DA-B267-4C93-AE16-517D01366353}"
EndProject
Project("{9A19103F-16F7-4668-BE54-9A1E7A4F7556}") = "Authentication.User.DataAccess", "Authentication.User\Authentication.User.DataAccess\Authentication.User.DataAccess.csproj", "{FE33218C-62C7-4DC0-94FA-4034D6F634E3}"
EndProject
Project("{9A19103F-16F7-4668-BE54-9A1E7A4F7556}") = "Authentication.User.DataAccess.Service", "Authentication.User\Authentication.User.DataAccess.Service\Authentication.User.DataAccess.Service.csproj", "{DF6F662D-225B-43A7-8D47-78CB22B4EEA5}"
EndProject
Project("{9A19103F-16F7-4668-BE54-9A1E7A4F7556}") = "Authentication.User.Service", "Authentication.User\Authentication.User.Service\Authentication.User.Service.csproj", "{3396E23D-9ED3-42C5-9389-00F7BC62B2ED}"
EndProject
Global
	GlobalSection(SolutionConfigurationPlatforms) = preSolution
		Debug|Any CPU = Debug|Any CPU
		Release|Any CPU = Release|Any CPU
	EndGlobalSection
	GlobalSection(ProjectConfigurationPlatforms) = postSolution
		{EACA2358-0BBE-4029-B6D1-09C5C1E3AFE5}.Debug|Any CPU.ActiveCfg = Debug|Any CPU
		{EACA2358-0BBE-4029-B6D1-09C5C1E3AFE5}.Debug|Any CPU.Build.0 = Debug|Any CPU
		{EACA2358-0BBE-4029-B6D1-09C5C1E3AFE5}.Release|Any CPU.ActiveCfg = Release|Any CPU
		{EACA2358-0BBE-4029-B6D1-09C5C1E3AFE5}.Release|Any CPU.Build.0 = Release|Any CPU
		{7943DA1F-74A0-466A-84B4-64DC516DF91A}.Debug|Any CPU.ActiveCfg = Debug|Any CPU
		{7943DA1F-74A0-466A-84B4-64DC516DF91A}.Debug|Any CPU.Build.0 = Debug|Any CPU
		{7943DA1F-74A0-466A-84B4-64DC516DF91A}.Release|Any CPU.ActiveCfg = Release|Any CPU
		{7943DA1F-74A0-466A-84B4-64DC516DF91A}.Release|Any CPU.Build.0 = Release|Any CPU
		{D22A32AA-06C3-442B-8520-D6E13A823ED7}.Debug|Any CPU.ActiveCfg = Debug|Any CPU
		{D22A32AA-06C3-442B-8520-D6E13A823ED7}.Debug|Any CPU.Build.0 = Debug|Any CPU
		{D22A32AA-06C3-442B-8520-D6E13A823ED7}.Release|Any CPU.ActiveCfg = Release|Any CPU
		{D22A32AA-06C3-442B-8520-D6E13A823ED7}.Release|Any CPU.Build.0 = Release|Any CPU
		{B90F716F-315C-4FDE-976F-5A6FC41284D6}.Debug|Any CPU.ActiveCfg = Debug|Any CPU
		{B90F716F-315C-4FDE-976F-5A6FC41284D6}.Debug|Any CPU.Build.0 = Debug|Any CPU
		{B90F716F-315C-4FDE-976F-5A6FC41284D6}.Release|Any CPU.ActiveCfg = Release|Any CPU
		{B90F716F-315C-4FDE-976F-5A6FC41284D6}.Release|Any CPU.Build.0 = Release|Any CPU
		{25CC684F-BAA8-49F1-88D6-3DF3D09FCCCD}.Debug|Any CPU.ActiveCfg = Debug|Any CPU
		{25CC684F-BAA8-49F1-88D6-3DF3D09FCCCD}.Debug|Any CPU.Build.0 = Debug|Any CPU
		{25CC684F-BAA8-49F1-88D6-3DF3D09FCCCD}.Release|Any CPU.ActiveCfg = Release|Any CPU
		{25CC684F-BAA8-49F1-88D6-3DF3D09FCCCD}.Release|Any CPU.Build.0 = Release|Any CPU
		{7B675E5A-AB67-4046-9E5E-704B97B84B3F}.Debug|Any CPU.ActiveCfg = Debug|Any CPU
		{7B675E5A-AB67-4046-9E5E-704B97B84B3F}.Debug|Any CPU.Build.0 = Debug|Any CPU
		{7B675E5A-AB67-4046-9E5E-704B97B84B3F}.Release|Any CPU.ActiveCfg = Release|Any CPU
		{7B675E5A-AB67-4046-9E5E-704B97B84B3F}.Release|Any CPU.Build.0 = Release|Any CPU
		{A9E5A2D6-10F1-4CB1-ACFB-78D6E548EAE7}.Debug|Any CPU.ActiveCfg = Debug|Any CPU
		{A9E5A2D6-10F1-4CB1-ACFB-78D6E548EAE7}.Debug|Any CPU.Build.0 = Debug|Any CPU
		{A9E5A2D6-10F1-4CB1-ACFB-78D6E548EAE7}.Release|Any CPU.ActiveCfg = Release|Any CPU
		{A9E5A2D6-10F1-4CB1-ACFB-78D6E548EAE7}.Release|Any CPU.Build.0 = Release|Any CPU
		{62438374-9A9A-4CDD-A762-B86944068102}.Debug|Any CPU.ActiveCfg = Debug|Any CPU
		{62438374-9A9A-4CDD-A762-B86944068102}.Debug|Any CPU.Build.0 = Debug|Any CPU
		{62438374-9A9A-4CDD-A762-B86944068102}.Release|Any CPU.ActiveCfg = Release|Any CPU
		{62438374-9A9A-4CDD-A762-B86944068102}.Release|Any CPU.Build.0 = Release|Any CPU
		{A229C3D1-5FB4-48C7-BD17-084E8B04BA27}.Debug|Any CPU.ActiveCfg = Debug|Any CPU
		{A229C3D1-5FB4-48C7-BD17-084E8B04BA27}.Debug|Any CPU.Build.0 = Debug|Any CPU
		{A229C3D1-5FB4-48C7-BD17-084E8B04BA27}.Release|Any CPU.ActiveCfg = Release|Any CPU
		{A229C3D1-5FB4-48C7-BD17-084E8B04BA27}.Release|Any CPU.Build.0 = Release|Any CPU
		{D6D063DA-B267-4C93-AE16-517D01366353}.Debug|Any CPU.ActiveCfg = Debug|Any CPU
		{D6D063DA-B267-4C93-AE16-517D01366353}.Debug|Any CPU.Build.0 = Debug|Any CPU
		{D6D063DA-B267-4C93-AE16-517D01366353}.Release|Any CPU.ActiveCfg = Release|Any CPU
		{D6D063DA-B267-4C93-AE16-517D01366353}.Release|Any CPU.Build.0 = Release|Any CPU
		{FE33218C-62C7-4DC0-94FA-4034D6F634E3}.Debug|Any CPU.ActiveCfg = Debug|Any CPU
		{FE33218C-62C7-4DC0-94FA-4034D6F634E3}.Debug|Any CPU.Build.0 = Debug|Any CPU
		{FE33218C-62C7-4DC0-94FA-4034D6F634E3}.Release|Any CPU.ActiveCfg = Release|Any CPU
		{FE33218C-62C7-4DC0-94FA-4034D6F634E3}.Release|Any CPU.Build.0 = Release|Any CPU
		{DF6F662D-225B-43A7-8D47-78CB22B4EEA5}.Debug|Any CPU.ActiveCfg = Debug|Any CPU
		{DF6F662D-225B-43A7-8D47-78CB22B4EEA5}.Debug|Any CPU.Build.0 = Debug|Any CPU
		{DF6F662D-225B-43A7-8D47-78CB22B4EEA5}.Release|Any CPU.ActiveCfg = Release|Any CPU
		{DF6F662D-225B-43A7-8D47-78CB22B4EEA5}.Release|Any CPU.Build.0 = Release|Any CPU
		{3396E23D-9ED3-42C5-9389-00F7BC62B2ED}.Debug|Any CPU.ActiveCfg = Debug|Any CPU
		{3396E23D-9ED3-42C5-9389-00F7BC62B2ED}.Debug|Any CPU.Build.0 = Debug|Any CPU
		{3396E23D-9ED3-42C5-9389-00F7BC62B2ED}.Release|Any CPU.ActiveCfg = Release|Any CPU
		{3396E23D-9ED3-42C5-9389-00F7BC62B2ED}.Release|Any CPU.Build.0 = Release|Any CPU
	EndGlobalSection
	GlobalSection(SolutionProperties) = preSolution
		HideSolutionNode = FALSE
	EndGlobalSection
	GlobalSection(NestedProjects) = preSolution
		{EACA2358-0BBE-4029-B6D1-09C5C1E3AFE5} = {3E3F40DB-608D-43F9-B98E-DEC371CF15FD}
		{B90F716F-315C-4FDE-976F-5A6FC41284D6} = {30F62069-9B78-4CB6-8891-920357CE6E9F}
		{25CC684F-BAA8-49F1-88D6-3DF3D09FCCCD} = {30F62069-9B78-4CB6-8891-920357CE6E9F}
		{7B675E5A-AB67-4046-9E5E-704B97B84B3F} = {30F62069-9B78-4CB6-8891-920357CE6E9F}
		{A9E5A2D6-10F1-4CB1-ACFB-78D6E548EAE7} = {30F62069-9B78-4CB6-8891-920357CE6E9F}
		{62438374-9A9A-4CDD-A762-B86944068102} = {30F62069-9B78-4CB6-8891-920357CE6E9F}
		{A229C3D1-5FB4-48C7-BD17-084E8B04BA27} = {30F62069-9B78-4CB6-8891-920357CE6E9F}
		{D6D063DA-B267-4C93-AE16-517D01366353} = {C64B3923-259F-464C-9B0A-B28586C24ECA}
		{FE33218C-62C7-4DC0-94FA-4034D6F634E3} = {C64B3923-259F-464C-9B0A-B28586C24ECA}
		{DF6F662D-225B-43A7-8D47-78CB22B4EEA5} = {C64B3923-259F-464C-9B0A-B28586C24ECA}
		{3396E23D-9ED3-42C5-9389-00F7BC62B2ED} = {C64B3923-259F-464C-9B0A-B28586C24ECA}
	EndGlobalSection
	GlobalSection(ExtensibilityGlobals) = postSolution
		SolutionGuid = {647EB1DE-1CD5-48AB-933F-B21F13A8AD7A}
	EndGlobalSection
EndGlobal
